
Microsoft Visual Studio Solution File, Format Version 12.00
# Visual Studio Version 17
VisualStudioVersion = 17.0.31903.59
MinimumVisualStudioVersion = 10.0.40219.1
Project("{FAE04EC0-301F-11D3-BF4B-00C04F79EFBC}") = "LTUdemo", "LTUdemo\LTUdemo.csproj", "{CFC06481-0DBB-48AD-BBA7-1FF504F6DE49}"
EndProject
Global
	GlobalSection(SolutionConfigurationPlatforms) = preSolution
		Debug|Any CPU = Debug|Any CPU
		Release|Any CPU = Release|Any CPU
	EndGlobalSection
	GlobalSection(ProjectConfigurationPlatforms) = postSolution
		{CFC06481-0DBB-48AD-BBA7-1FF504F6DE49}.Debug|Any CPU.ActiveCfg = Debug|Any CPU
		{CFC06481-0DBB-48AD-BBA7-1FF504F6DE49}.Debug|Any CPU.Build.0 = Debug|Any CPU
		{CFC06481-0DBB-48AD-BBA7-1FF504F6DE49}.Release|Any CPU.ActiveCfg = Release|Any CPU
		{CFC06481-0DBB-48AD-BBA7-1FF504F6DE49}.Release|Any CPU.Build.0 = Release|Any CPU
	EndGlobalSection
	GlobalSection(SolutionProperties) = preSolution
		HideSolutionNode = FALSE
	EndGlobalSection
	GlobalSection(ExtensibilityGlobals) = postSolution
		SolutionGuid = {83CA5418-B992-4954-A24E-B968B92BDAB2}
	EndGlobalSection
EndGlobal
